// !$*UTF8*$!
{
	archiveVersion = 1;
	classes = {
	};
	objectVersion = 77;
	objects = {

/* Begin PBXContainerItemProxy section */
		52022B5A2CD6D8F7000BC27D /* PBXContainerItemProxy */ = {
			isa = PBXContainerItemProxy;
			containerPortal = 52022B3B2CD6D8ED000BC27D /* Project object */;
			proxyType = 1;
			remoteGlobalIDString = 52022B422CD6D8ED000BC27D;
			remoteInfo = QuickSelectAlert;
		};
		52022B642CD6D8F7000BC27D /* PBXContainerItemProxy */ = {
			isa = PBXContainerItemProxy;
			containerPortal = 52022B3B2CD6D8ED000BC27D /* Project object */;
			proxyType = 1;
			remoteGlobalIDString = 52022B422CD6D8ED000BC27D;
			remoteInfo = QuickSelectAlert;
		};
/* End PBXContainerItemProxy section */

/* Begin PBXFileReference section */
		52022B432CD6D8ED000BC27D /* QuickSelectAlert.app */ = {isa = PBXFileReference; explicitFileType = wrapper.application; includeInIndex = 0; path = QuickSelectAlert.app; sourceTree = BUILT_PRODUCTS_DIR; };
		52022B592CD6D8F7000BC27D /* QuickSelectAlertTests.xctest */ = {isa = PBXFileReference; explicitFileType = wrapper.cfbundle; includeInIndex = 0; path = QuickSelectAlertTests.xctest; sourceTree = BUILT_PRODUCTS_DIR; };
		52022B632CD6D8F7000BC27D /* QuickSelectAlertUITests.xctest */ = {isa = PBXFileReference; explicitFileType = wrapper.cfbundle; includeInIndex = 0; path = QuickSelectAlertUITests.xctest; sourceTree = BUILT_PRODUCTS_DIR; };
/* End PBXFileReference section */

/* Begin PBXFileSystemSynchronizedBuildFileExceptionSet section */
		52022B6B2CD6D8F7000BC27D /* Exceptions for "QuickSelectAlert" folder in "QuickSelectAlert" target */ = {
			isa = PBXFileSystemSynchronizedBuildFileExceptionSet;
			membershipExceptions = (
				Info.plist,
			);
			target = 52022B422CD6D8ED000BC27D /* QuickSelectAlert */;
		};
/* End PBXFileSystemSynchronizedBuildFileExceptionSet section */

/* Begin PBXFileSystemSynchronizedRootGroup section */
		52022B452CD6D8ED000BC27D /* QuickSelectAlert */ = {
			isa = PBXFileSystemSynchronizedRootGroup;
			exceptions = (
				52022B6B2CD6D8F7000BC27D /* Exceptions for "QuickSelectAlert" folder in "QuickSelectAlert" target */,
			);
			path = QuickSelectAlert;
			sourceTree = "<group>";
		};
		52022B5C2CD6D8F7000BC27D /* QuickSelectAlertTests */ = {
			isa = PBXFileSystemSynchronizedRootGroup;
			path = QuickSelectAlertTests;
			sourceTree = "<group>";
		};
		52022B662CD6D8F7000BC27D /* QuickSelectAlertUITests */ = {
			isa = PBXFileSystemSynchronizedRootGroup;
			path = QuickSelectAlertUITests;
			sourceTree = "<group>";
		};
/* End PBXFileSystemSynchronizedRootGroup section */

/* Begin PBXFrameworksBuildPhase section */
		52022B402CD6D8ED000BC27D /* Frameworks */ = {
			isa = PBXFrameworksBuildPhase;
			buildActionMask = 2147483647;
			files = (
			);
			runOnlyForDeploymentPostprocessing = 0;
		};
		52022B562CD6D8F7000BC27D /* Frameworks */ = {
			isa = PBXFrameworksBuildPhase;
			buildActionMask = 2147483647;
			files = (
			);
			runOnlyForDeploymentPostprocessing = 0;
		};
		52022B602CD6D8F7000BC27D /* Frameworks */ = {
			isa = PBXFrameworksBuildPhase;
			buildActionMask = 2147483647;
			files = (
			);
			runOnlyForDeploymentPostprocessing = 0;
		};
/* End PBXFrameworksBuildPhase section */

/* Begin PBXGroup section */
		52022B3A2CD6D8ED000BC27D = {
			isa = PBXGroup;
			children = (
				52022B452CD6D8ED000BC27D /* QuickSelectAlert */,
				52022B5C2CD6D8F7000BC27D /* QuickSelectAlertTests */,
				52022B662CD6D8F7000BC27D /* QuickSelectAlertUITests */,
				52022B442CD6D8ED000BC27D /* Products */,
			);
			sourceTree = "<group>";
		};
		52022B442CD6D8ED000BC27D /* Products */ = {
			isa = PBXGroup;
			children = (
				52022B432CD6D8ED000BC27D /* QuickSelectAlert.app */,
				52022B592CD6D8F7000BC27D /* QuickSelectAlertTests.xctest */,
				52022B632CD6D8F7000BC27D /* QuickSelectAlertUITests.xctest */,
			);
			name = Products;
			sourceTree = "<group>";
		};
/* End PBXGroup section */

/* Begin PBXNativeTarget section */
		52022B422CD6D8ED000BC27D /* QuickSelectAlert */ = {
			isa = PBXNativeTarget;
			buildConfigurationList = 52022B6C2CD6D8F7000BC27D /* Build configuration list for PBXNativeTarget "QuickSelectAlert" */;
			buildPhases = (
				52022B3F2CD6D8ED000BC27D /* Sources */,
				52022B402CD6D8ED000BC27D /* Frameworks */,
				52022B412CD6D8ED000BC27D /* Resources */,
			);
			buildRules = (
			);
			dependencies = (
			);
			fileSystemSynchronizedGroups = (
				52022B452CD6D8ED000BC27D /* QuickSelectAlert */,
			);
			name = QuickSelectAlert;
			packageProductDependencies = (
			);
			productName = QuickSelectAlert;
			productReference = 52022B432CD6D8ED000BC27D /* QuickSelectAlert.app */;
			productType = "com.apple.product-type.application";
		};
		52022B582CD6D8F7000BC27D /* QuickSelectAlertTests */ = {
			isa = PBXNativeTarget;
			buildConfigurationList = 52022B712CD6D8F7000BC27D /* Build configuration list for PBXNativeTarget "QuickSelectAlertTests" */;
			buildPhases = (
				52022B552CD6D8F7000BC27D /* Sources */,
				52022B562CD6D8F7000BC27D /* Frameworks */,
				52022B572CD6D8F7000BC27D /* Resources */,
			);
			buildRules = (
			);
			dependencies = (
				52022B5B2CD6D8F7000BC27D /* PBXTargetDependency */,
			);
			fileSystemSynchronizedGroups = (
				52022B5C2CD6D8F7000BC27D /* QuickSelectAlertTests */,
			);
			name = QuickSelectAlertTests;
			packageProductDependencies = (
			);
			productName = QuickSelectAlertTests;
			productReference = 52022B592CD6D8F7000BC27D /* QuickSelectAlertTests.xctest */;
			productType = "com.apple.product-type.bundle.unit-test";
		};
		52022B622CD6D8F7000BC27D /* QuickSelectAlertUITests */ = {
			isa = PBXNativeTarget;
			buildConfigurationList = 52022B742CD6D8F7000BC27D /* Build configuration list for PBXNativeTarget "QuickSelectAlertUITests" */;
			buildPhases = (
				52022B5F2CD6D8F7000BC27D /* Sources */,
				52022B602CD6D8F7000BC27D /* Frameworks */,
				52022B612CD6D8F7000BC27D /* Resources */,
			);
			buildRules = (
			);
			dependencies = (
				52022B652CD6D8F7000BC27D /* PBXTargetDependency */,
			);
			fileSystemSynchronizedGroups = (
				52022B662CD6D8F7000BC27D /* QuickSelectAlertUITests */,
			);
			name = QuickSelectAlertUITests;
			packageProductDependencies = (
			);
			productName = QuickSelectAlertUITests;
			productReference = 52022B632CD6D8F7000BC27D /* QuickSelectAlertUITests.xctest */;
			productType = "com.apple.product-type.bundle.ui-testing";
		};
/* End PBXNativeTarget section */

/* Begin PBXProject section */
		52022B3B2CD6D8ED000BC27D /* Project object */ = {
			isa = PBXProject;
			attributes = {
				BuildIndependentTargetsInParallel = 1;
				LastSwiftUpdateCheck = 1600;
				LastUpgradeCheck = 1600;
				TargetAttributes = {
					52022B422CD6D8ED000BC27D = {
						CreatedOnToolsVersion = 16.0;
					};
					52022B582CD6D8F7000BC27D = {
						CreatedOnToolsVersion = 16.0;
						TestTargetID = 52022B422CD6D8ED000BC27D;
					};
					52022B622CD6D8F7000BC27D = {
						CreatedOnToolsVersion = 16.0;
						TestTargetID = 52022B422CD6D8ED000BC27D;
					};
				};
			};
			buildConfigurationList = 52022B3E2CD6D8ED000BC27D /* Build configuration list for PBXProject "QuickSelectAlert" */;
			developmentRegion = en;
			hasScannedForEncodings = 0;
			knownRegions = (
				en,
				Base,
			);
			mainGroup = 52022B3A2CD6D8ED000BC27D;
			minimizedProjectReferenceProxies = 1;
			preferredProjectObjectVersion = 77;
			productRefGroup = 52022B442CD6D8ED000BC27D /* Products */;
			projectDirPath = "";
			projectRoot = "";
			targets = (
				52022B422CD6D8ED000BC27D /* QuickSelectAlert */,
				52022B582CD6D8F7000BC27D /* QuickSelectAlertTests */,
				52022B622CD6D8F7000BC27D /* QuickSelectAlertUITests */,
			);
		};
/* End PBXProject section */

/* Begin PBXResourcesBuildPhase section */
		52022B412CD6D8ED000BC27D /* Resources */ = {
			isa = PBXResourcesBuildPhase;
			buildActionMask = 2147483647;
			files = (
			);
			runOnlyForDeploymentPostprocessing = 0;
		};
		52022B572CD6D8F7000BC27D /* Resources */ = {
			isa = PBXResourcesBuildPhase;
			buildActionMask = 2147483647;
			files = (
			);
			runOnlyForDeploymentPostprocessing = 0;
		};
		52022B612CD6D8F7000BC27D /* Resources */ = {
			isa = PBXResourcesBuildPhase;
			buildActionMask = 2147483647;
			files = (
			);
			runOnlyForDeploymentPostprocessing = 0;
		};
/* End PBXResourcesBuildPhase section */

/* Begin PBXSourcesBuildPhase section */
		52022B3F2CD6D8ED000BC27D /* Sources */ = {
			isa = PBXSourcesBuildPhase;
			buildActionMask = 2147483647;
			files = (
			);
			runOnlyForDeploymentPostprocessing = 0;
		};
		52022B552CD6D8F7000BC27D /* Sources */ = {
			isa = PBXSourcesBuildPhase;
			buildActionMask = 2147483647;
			files = (
			);
			runOnlyForDeploymentPostprocessing = 0;
		};
		52022B5F2CD6D8F7000BC27D /* Sources */ = {
			isa = PBXSourcesBuildPhase;
			buildActionMask = 2147483647;
			files = (
			);
			runOnlyForDeploymentPostprocessing = 0;
		};
/* End PBXSourcesBuildPhase section */

/* Begin PBXTargetDependency section */
		52022B5B2CD6D8F7000BC27D /* PBXTargetDependency */ = {
			isa = PBXTargetDependency;
			target = 52022B422CD6D8ED000BC27D /* QuickSelectAlert */;
			targetProxy = 52022B5A2CD6D8F7000BC27D /* PBXContainerItemProxy */;
		};
		52022B652CD6D8F7000BC27D /* PBXTargetDependency */ = {
			isa = PBXTargetDependency;
			target = 52022B422CD6D8ED000BC27D /* QuickSelectAlert */;
			targetProxy = 52022B642CD6D8F7000BC27D /* PBXContainerItemProxy */;
		};
/* End PBXTargetDependency section */

/* Begin XCBuildConfiguration section */
		52022B6D2CD6D8F7000BC27D /* Debug */ = {
			isa = XCBuildConfiguration;
			buildSettings = {
				ASSETCATALOG_COMPILER_APPICON_NAME = AppIcon;
				ASSETCATALOG_COMPILER_GLOBAL_ACCENT_COLOR_NAME = AccentColor;
				CODE_SIGN_STYLE = Automatic;
				CURRENT_PROJECT_VERSION = 1;
				DEVELOPMENT_TEAM = 3HMSTM8C92;
				GENERATE_INFOPLIST_FILE = YES;
				INFOPLIST_FILE = QuickSelectAlert/Info.plist;
				INFOPLIST_KEY_UIApplicationSupportsIndirectInputEvents = YES;
				INFOPLIST_KEY_UILaunchStoryboardName = LaunchScreen;
				INFOPLIST_KEY_UIMainStoryboardFile = Main;
				INFOPLIST_KEY_UISupportedInterfaceOrientations_iPad = "UIInterfaceOrientationPortrait UIInterfaceOrientationPortraitUpsideDown UIInterfaceOrientationLandscapeLeft UIInterfaceOrientationLandscapeRight";
				INFOPLIST_KEY_UISupportedInterfaceOrientations_iPhone = "UIInterfaceOrientationPortrait UIInterfaceOrientationLandscapeLeft UIInterfaceOrientationLandscapeRight";
				IPHONEOS_DEPLOYMENT_TARGET = 15.6;
				LD_RUNPATH_SEARCH_PATHS = (
					"$(inherited)",
					"@executable_path/Frameworks",
				);
				MARKETING_VERSION = 1.0;
				PRODUCT_BUNDLE_IDENTIFIER = com.rizwanwalayat.QuickSelectAlert;
				PRODUCT_NAME = "$(TARGET_NAME)";
				SWIFT_EMIT_LOC_STRINGS = YES;
				SWIFT_VERSION = 5.0;
				TARGETED_DEVICE_FAMILY = "1,2";
			};
			name = Debug;
		};
		52022B6E2CD6D8F7000BC27D /* Release */ = {
			isa = XCBuildConfiguration;
			buildSettings = {
				ASSETCATALOG_COMPILER_APPICON_NAME = AppIcon;
				ASSETCATALOG_COMPILER_GLOBAL_ACCENT_COLOR_NAME = AccentColor;
				CODE_SIGN_STYLE = Automatic;
				CURRENT_PROJECT_VERSION = 1;
				DEVELOPMENT_TEAM = 3HMSTM8C92;
				GENERATE_INFOPLIST_FILE = YES;
				INFOPLIST_FILE = QuickSelectAlert/Info.plist;
				INFOPLIST_KEY_UIApplicationSupportsIndirectInputEvents = YES;
				INFOPLIST_KEY_UILaunchStoryboardName = LaunchScreen;
				INFOPLIST_KEY_UIMainStoryboardFile = Main;
				INFOPLIST_KEY_UISupportedInterfaceOrientations_iPad = "UIInterfaceOrientationPortrait UIInterfaceOrientationPortraitUpsideDown UIInterfaceOrientationLandscapeLeft UIInterfaceOrientationLandscapeRight";
				INFOPLIST_KEY_UISupportedInterfaceOrientations_iPhone = "UIInterfaceOrientationPortrait UIInterfaceOrientationLandscapeLeft UIInterfaceOrientationLandscapeRight";
				IPHONEOS_DEPLOYMENT_TARGET = 15.6;
				LD_RUNPATH_SEARCH_PATHS = (
					"$(inherited)",
					"@executable_path/Frameworks",
				);
				MARKETING_VERSION = 1.0;
				PRODUCT_BUNDLE_IDENTIFIER = com.rizwanwalayat.QuickSelectAlert;
				PRODUCT_NAME = "$(TARGET_NAME)";
				SWIFT_EMIT_LOC_STRINGS = YES;
				SWIFT_VERSION = 5.0;
				TARGETED_DEVICE_FAMILY = "1,2";
			};
			name = Release;
		};
		52022B6F2CD6D8F7000BC27D /* Debug */ = {
			isa = XCBuildConfiguration;
			buildSettings = {
				ALWAYS_SEARCH_USER_PATHS = NO;
				ASSETCATALOG_COMPILER_GENERATE_SWIFT_ASSET_SYMBOL_EXTENSIONS = YES;
				CLANG_ANALYZER_NONNULL = YES;
				CLANG_ANALYZER_NUMBER_OBJECT_CONVERSION = YES_AGGRESSIVE;
				CLANG_CXX_LANGUAGE_STANDARD = "gnu++20";
				CLANG_ENABLE_MODULES = YES;
				CLANG_ENABLE_OBJC_ARC = YES;
				CLANG_ENABLE_OBJC_WEAK = YES;
				CLANG_WARN_BLOCK_CAPTURE_AUTORELEASING = YES;
				CLANG_WARN_BOOL_CONVERSION = YES;
				CLANG_WARN_COMMA = YES;
				CLANG_WARN_CONSTANT_CONVERSION = YES;
				CLANG_WARN_DEPRECATED_OBJC_IMPLEMENTATIONS = YES;
				CLANG_WARN_DIRECT_OBJC_ISA_USAGE = YES_ERROR;
				CLANG_WARN_DOCUMENTATION_COMMENTS = YES;
				CLANG_WARN_EMPTY_BODY = YES;
				CLANG_WARN_ENUM_CONVERSION = YES;
				CLANG_WARN_INFINITE_RECURSION = YES;
				CLANG_WARN_INT_CONVERSION = YES;
				CLANG_WARN_NON_LITERAL_NULL_CONVERSION = YES;
				CLANG_WARN_OBJC_IMPLICIT_RETAIN_SELF = YES;
				CLANG_WARN_OBJC_LITERAL_CONVERSION = YES;
				CLANG_WARN_OBJC_ROOT_CLASS = YES_ERROR;
				CLANG_WARN_QUOTED_INCLUDE_IN_FRAMEWORK_HEADER = YES;
				CLANG_WARN_RANGE_LOOP_ANALYSIS = YES;
				CLANG_WARN_STRICT_PROTOTYPES = YES;
				CLANG_WARN_SUSPICIOUS_MOVE = YES;
				CLANG_WARN_UNGUARDED_AVAILABILITY = YES_AGGRESSIVE;
				CLANG_WARN_UNREACHABLE_CODE = YES;
				CLANG_WARN__DUPLICATE_METHOD_MATCH = YES;
				COPY_PHASE_STRIP = NO;
				DEBUG_INFORMATION_FORMAT = dwarf;
				ENABLE_STRICT_OBJC_MSGSEND = YES;
				ENABLE_TESTABILITY = YES;
				ENABLE_USER_SCRIPT_SANDBOXING = YES;
				GCC_C_LANGUAGE_STANDARD = gnu17;
				GCC_DYNAMIC_NO_PIC = NO;
				GCC_NO_COMMON_BLOCKS = YES;
				GCC_OPTIMIZATION_LEVEL = 0;
				GCC_PREPROCESSOR_DEFINITIONS = (
					"DEBUG=1",
					"$(inherited)",
				);
				GCC_WARN_64_TO_32_BIT_CONVERSION = YES;
				GCC_WARN_ABOUT_RETURN_TYPE = YES_ERROR;
				GCC_WARN_UNDECLARED_SELECTOR = YES;
				GCC_WARN_UNINITIALIZED_AUTOS = YES_AGGRESSIVE;
				GCC_WARN_UNUSED_FUNCTION = YES;
				GCC_WARN_UNUSED_VARIABLE = YES;
				IPHONEOS_DEPLOYMENT_TARGET = 18.0;
				LOCALIZATION_PREFERS_STRING_CATALOGS = YES;
				MTL_ENABLE_DEBUG_INFO = INCLUDE_SOURCE;
				MTL_FAST_MATH = YES;
				ONLY_ACTIVE_ARCH = YES;
				SDKROOT = iphoneos;
				SWIFT_ACTIVE_COMPILATION_CONDITIONS = "DEBUG $(inherited)";
				SWIFT_OPTIMIZATION_LEVEL = "-Onone";
			};
			name = Debug;
		};
		52022B702CD6D8F7000BC27D /* Release */ = {
			isa = XCBuildConfiguration;
			buildSettings = {
				ALWAYS_SEARCH_USER_PATHS = NO;
				ASSETCATALOG_COMPILER_GENERATE_SWIFT_ASSET_SYMBOL_EXTENSIONS = YES;
				CLANG_ANALYZER_NONNULL = YES;
				CLANG_ANALYZER_NUMBER_OBJECT_CONVERSION = YES_AGGRESSIVE;
				CLANG_CXX_LANGUAGE_STANDARD = "gnu++20";
				CLANG_ENABLE_MODULES = YES;
				CLANG_ENABLE_OBJC_ARC = YES;
				CLANG_ENABLE_OBJC_WEAK = YES;
				CLANG_WARN_BLOCK_CAPTURE_AUTORELEASING = YES;
				CLANG_WARN_BOOL_CONVERSION = YES;
				CLANG_WARN_COMMA = YES;
				CLANG_WARN_CONSTANT_CONVERSION = YES;
				CLANG_WARN_DEPRECATED_OBJC_IMPLEMENTATIONS = YES;
				CLANG_WARN_DIRECT_OBJC_ISA_USAGE = YES_ERROR;
				CLANG_WARN_DOCUMENTATION_COMMENTS = YES;
				CLANG_WARN_EMPTY_BODY = YES;
				CLANG_WARN_ENUM_CONVERSION = YES;
				CLANG_WARN_INFINITE_RECURSION = YES;
				CLANG_WARN_INT_CONVERSION = YES;
				CLANG_WARN_NON_LITERAL_NULL_CONVERSION = YES;
				CLANG_WARN_OBJC_IMPLICIT_RETAIN_SELF = YES;
				CLANG_WARN_OBJC_LITERAL_CONVERSION = YES;
				CLANG_WARN_OBJC_ROOT_CLASS = YES_ERROR;
				CLANG_WARN_QUOTED_INCLUDE_IN_FRAMEWORK_HEADER = YES;
				CLANG_WARN_RANGE_LOOP_ANALYSIS = YES;
				CLANG_WARN_STRICT_PROTOTYPES = YES;
				CLANG_WARN_SUSPICIOUS_MOVE = YES;
				CLANG_WARN_UNGUARDED_AVAILABILITY = YES_AGGRESSIVE;
				CLANG_WARN_UNREACHABLE_CODE = YES;
				CLANG_WARN__DUPLICATE_METHOD_MATCH = YES;
				COPY_PHASE_STRIP = NO;
				DEBUG_INFORMATION_FORMAT = "dwarf-with-dsym";
				ENABLE_NS_ASSERTIONS = NO;
				ENABLE_STRICT_OBJC_MSGSEND = YES;
				ENABLE_USER_SCRIPT_SANDBOXING = YES;
				GCC_C_LANGUAGE_STANDARD = gnu17;
				GCC_NO_COMMON_BLOCKS = YES;
				GCC_WARN_64_TO_32_BIT_CONVERSION = YES;
				GCC_WARN_ABOUT_RETURN_TYPE = YES_ERROR;
				GCC_WARN_UNDECLARED_SELECTOR = YES;
				GCC_WARN_UNINITIALIZED_AUTOS = YES_AGGRESSIVE;
				GCC_WARN_UNUSED_FUNCTION = YES;
				GCC_WARN_UNUSED_VARIABLE = YES;
				IPHONEOS_DEPLOYMENT_TARGET = 18.0;
				LOCALIZATION_PREFERS_STRING_CATALOGS = YES;
				MTL_ENABLE_DEBUG_INFO = NO;
				MTL_FAST_MATH = YES;
				SDKROOT = iphoneos;
				SWIFT_COMPILATION_MODE = wholemodule;
				VALIDATE_PRODUCT = YES;
			};
			name = Release;
		};
		52022B722CD6D8F7000BC27D /* Debug */ = {
			isa = XCBuildConfiguration;
			buildSettings = {
				BUNDLE_LOADER = "$(TEST_HOST)";
				CODE_SIGN_STYLE = Automatic;
				CURRENT_PROJECT_VERSION = 1;
				DEVELOPMENT_TEAM = 3HMSTM8C92;
				GENERATE_INFOPLIST_FILE = YES;
				IPHONEOS_DEPLOYMENT_TARGET = 18.0;
				MARKETING_VERSION = 1.0;
				PRODUCT_BUNDLE_IDENTIFIER = com.rizwanwalayat.QuickSelectAlertTests;
				PRODUCT_NAME = "$(TARGET_NAME)";
				SWIFT_EMIT_LOC_STRINGS = NO;
				SWIFT_VERSION = 5.0;
				TARGETED_DEVICE_FAMILY = "1,2";
				TEST_HOST = "$(BUILT_PRODUCTS_DIR)/QuickSelectAlert.app/$(BUNDLE_EXECUTABLE_FOLDER_PATH)/QuickSelectAlert";
			};
			name = Debug;
		};
		52022B732CD6D8F7000BC27D /* Release */ = {
			isa = XCBuildConfiguration;
			buildSettings = {
				BUNDLE_LOADER = "$(TEST_HOST)";
				CODE_SIGN_STYLE = Automatic;
				CURRENT_PROJECT_VERSION = 1;
				DEVELOPMENT_TEAM = 3HMSTM8C92;
				GENERATE_INFOPLIST_FILE = YES;
				IPHONEOS_DEPLOYMENT_TARGET = 18.0;
				MARKETING_VERSION = 1.0;
				PRODUCT_BUNDLE_IDENTIFIER = com.rizwanwalayat.QuickSelectAlertTests;
				PRODUCT_NAME = "$(TARGET_NAME)";
				SWIFT_EMIT_LOC_STRINGS = NO;
				SWIFT_VERSION = 5.0;
				TARGETED_DEVICE_FAMILY = "1,2";
				TEST_HOST = "$(BUILT_PRODUCTS_DIR)/QuickSelectAlert.app/$(BUNDLE_EXECUTABLE_FOLDER_PATH)/QuickSelectAlert";
			};
			name = Release;
		};
		52022B752CD6D8F7000BC27D /* Debug */ = {
			isa = XCBuildConfiguration;
			buildSettings = {
				CODE_SIGN_STYLE = Automatic;
				CURRENT_PROJECT_VERSION = 1;
				DEVELOPMENT_TEAM = 3HMSTM8C92;
				GENERATE_INFOPLIST_FILE = YES;
				MARKETING_VERSION = 1.0;
				PRODUCT_BUNDLE_IDENTIFIER = com.rizwanwalayat.QuickSelectAlertUITests;
				PRODUCT_NAME = "$(TARGET_NAME)";
				SWIFT_EMIT_LOC_STRINGS = NO;
				SWIFT_VERSION = 5.0;
				TARGETED_DEVICE_FAMILY = "1,2";
				TEST_TARGET_NAME = QuickSelectAlert;
			};
			name = Debug;
		};
		52022B762CD6D8F7000BC27D /* Release */ = {
			isa = XCBuildConfiguration;
			buildSettings = {
				CODE_SIGN_STYLE = Automatic;
				CURRENT_PROJECT_VERSION = 1;
				DEVELOPMENT_TEAM = 3HMSTM8C92;
				GENERATE_INFOPLIST_FILE = YES;
				MARKETING_VERSION = 1.0;
				PRODUCT_BUNDLE_IDENTIFIER = com.rizwanwalayat.QuickSelectAlertUITests;
				PRODUCT_NAME = "$(TARGET_NAME)";
				SWIFT_EMIT_LOC_STRINGS = NO;
				SWIFT_VERSION = 5.0;
				TARGETED_DEVICE_FAMILY = "1,2";
				TEST_TARGET_NAME = QuickSelectAlert;
			};
			name = Release;
		};
/* End XCBuildConfiguration section */

/* Begin XCConfigurationList section */
		52022B3E2CD6D8ED000BC27D /* Build configuration list for PBXProject "QuickSelectAlert" */ = {
			isa = XCConfigurationList;
			buildConfigurations = (
				52022B6F2CD6D8F7000BC27D /* Debug */,
				52022B702CD6D8F7000BC27D /* Release */,
			);
			defaultConfigurationIsVisible = 0;
			defaultConfigurationName = Release;
		};
		52022B6C2CD6D8F7000BC27D /* Build configuration list for PBXNativeTarget "QuickSelectAlert" */ = {
			isa = XCConfigurationList;
			buildConfigurations = (
				52022B6D2CD6D8F7000BC27D /* Debug */,
				52022B6E2CD6D8F7000BC27D /* Release */,
			);
			defaultConfigurationIsVisible = 0;
			defaultConfigurationName = Release;
		};
		52022B712CD6D8F7000BC27D /* Build configuration list for PBXNativeTarget "QuickSelectAlertTests" */ = {
			isa = XCConfigurationList;
			buildConfigurations = (
				52022B722CD6D8F7000BC27D /* Debug */,
				52022B732CD6D8F7000BC27D /* Release */,
			);
			defaultConfigurationIsVisible = 0;
			defaultConfigurationName = Release;
		};
		52022B742CD6D8F7000BC27D /* Build configuration list for PBXNativeTarget "QuickSelectAlertUITests" */ = {
			isa = XCConfigurationList;
			buildConfigurations = (
				52022B752CD6D8F7000BC27D /* Debug */,
				52022B762CD6D8F7000BC27D /* Release */,
			);
			defaultConfigurationIsVisible = 0;
			defaultConfigurationName = Release;
		};
/* End XCConfigurationList section */
	};
	rootObject = 52022B3B2CD6D8ED000BC27D /* Project object */;
}
